
Microsoft Visual Studio Solution File, Format Version 12.00
# Visual Studio Version 17
VisualStudioVersion = 17.14.36623.8
MinimumVisualStudioVersion = 10.0.40219.1
Project("{FAE04EC0-301F-11D3-BF4B-00C04F79EFBC}") = "ImageProcessor", "ImageProcessor\ImageProcessor.csproj", "{FF4CF90F-C981-4C58-AE07-B85CA7329DAF}"
EndProject
Project("{FAE04EC0-301F-11D3-BF4B-00C04F79EFBC}") = "StoneMeasurer", "StoneMeasurer\StoneMeasurer.csproj", "{969EE4B8-0403-4002-9918-E512BC0F43B2}"
EndProject
Global
	GlobalSection(SolutionConfigurationPlatforms) = preSolution
		Debug|Any CPU = Debug|Any CPU
		Release|Any CPU = Release|Any CPU
	EndGlobalSection
	GlobalSection(ProjectConfigurationPlatforms) = postSolution
		{FF4CF90F-C981-4C58-AE07-B85CA7329DAF}.Debug|Any CPU.ActiveCfg = Debug|Any CPU
		{FF4CF90F-C981-4C58-AE07-B85CA7329DAF}.Debug|Any CPU.Build.0 = Debug|Any CPU
		{FF4CF90F-C981-4C58-AE07-B85CA7329DAF}.Release|Any CPU.ActiveCfg = Release|Any CPU
		{FF4CF90F-C981-4C58-AE07-B85CA7329DAF}.Release|Any CPU.Build.0 = Release|Any CPU
		{969EE4B8-0403-4002-9918-E512BC0F43B2}.Debug|Any CPU.ActiveCfg = Debug|Any CPU
		{969EE4B8-0403-4002-9918-E512BC0F43B2}.Debug|Any CPU.Build.0 = Debug|Any CPU
		{969EE4B8-0403-4002-9918-E512BC0F43B2}.Release|Any CPU.ActiveCfg = Release|Any CPU
		{969EE4B8-0403-4002-9918-E512BC0F43B2}.Release|Any CPU.Build.0 = Release|Any CPU
	EndGlobalSection
	GlobalSection(SolutionProperties) = preSolution
		HideSolutionNode = FALSE
	EndGlobalSection
	GlobalSection(ExtensibilityGlobals) = postSolution
		SolutionGuid = {9742A097-79F1-40AC-909B-52B7D90A8D34}
	EndGlobalSection
EndGlobal
